
Microsoft Visual Studio Solution File, Format Version 12.00
# Visual Studio Version 17
VisualStudioVersion = 17.8.34330.188
MinimumVisualStudioVersion = 10.0.40219.1
Project("{9A19103F-16F7-4668-BE54-9A1E7A4F7556}") = "Events", "Events\Events.csproj", "{45F8CE8C-7E22-47D8-9809-11AD88FE4B57}"
EndProject
Project("{9A19103F-16F7-4668-BE54-9A1E7A4F7556}") = "LightControlService", "LightControlService\LightControlService.csproj", "{77727F58-94A9-415B-A6D3-1CB02D8FB8D7}"
EndProject
Project("{9A19103F-16F7-4668-BE54-9A1E7A4F7556}") = "ThermostatControlService", "ThermostatControlService\ThermostatControlService.csproj", "{58266873-06B9-48E8-B918-3DE67EFEC3B6}"
EndProject
Project("{FAE04EC0-301F-11D3-BF4B-00C04F79EFBC}") = "Publisher", "Publisher\Publisher.csproj", "{112AE0AC-88C3-4F77-90F5-EE15DA51E5E2}"
EndProject
Global
	GlobalSection(SolutionConfigurationPlatforms) = preSolution
		Debug|Any CPU = Debug|Any CPU
		Release|Any CPU = Release|Any CPU
	EndGlobalSection
	GlobalSection(ProjectConfigurationPlatforms) = postSolution
		{45F8CE8C-7E22-47D8-9809-11AD88FE4B57}.Debug|Any CPU.ActiveCfg = Debug|Any CPU
		{45F8CE8C-7E22-47D8-9809-11AD88FE4B57}.Debug|Any CPU.Build.0 = Debug|Any CPU
		{45F8CE8C-7E22-47D8-9809-11AD88FE4B57}.Release|Any CPU.ActiveCfg = Release|Any CPU
		{45F8CE8C-7E22-47D8-9809-11AD88FE4B57}.Release|Any CPU.Build.0 = Release|Any CPU
		{77727F58-94A9-415B-A6D3-1CB02D8FB8D7}.Debug|Any CPU.ActiveCfg = Debug|Any CPU
		{77727F58-94A9-415B-A6D3-1CB02D8FB8D7}.Debug|Any CPU.Build.0 = Debug|Any CPU
		{77727F58-94A9-415B-A6D3-1CB02D8FB8D7}.Release|Any CPU.ActiveCfg = Release|Any CPU
		{77727F58-94A9-415B-A6D3-1CB02D8FB8D7}.Release|Any CPU.Build.0 = Release|Any CPU
		{58266873-06B9-48E8-B918-3DE67EFEC3B6}.Debug|Any CPU.ActiveCfg = Debug|Any CPU
		{58266873-06B9-48E8-B918-3DE67EFEC3B6}.Debug|Any CPU.Build.0 = Debug|Any CPU
		{58266873-06B9-48E8-B918-3DE67EFEC3B6}.Release|Any CPU.ActiveCfg = Release|Any CPU
		{58266873-06B9-48E8-B918-3DE67EFEC3B6}.Release|Any CPU.Build.0 = Release|Any CPU
		{112AE0AC-88C3-4F77-90F5-EE15DA51E5E2}.Debug|Any CPU.ActiveCfg = Debug|Any CPU
		{112AE0AC-88C3-4F77-90F5-EE15DA51E5E2}.Debug|Any CPU.Build.0 = Debug|Any CPU
		{112AE0AC-88C3-4F77-90F5-EE15DA51E5E2}.Release|Any CPU.ActiveCfg = Release|Any CPU
		{112AE0AC-88C3-4F77-90F5-EE15DA51E5E2}.Release|Any CPU.Build.0 = Release|Any CPU
	EndGlobalSection
	GlobalSection(SolutionProperties) = preSolution
		HideSolutionNode = FALSE
	EndGlobalSection
	GlobalSection(ExtensibilityGlobals) = postSolution
		SolutionGuid = {F55BDD28-5B68-4221-9558-6CF04C9867E6}
	EndGlobalSection
EndGlobal
